
Microsoft Visual Studio Solution File, Format Version 12.00
# Visual Studio Version 17
VisualStudioVersion = 17.9.34622.214
MinimumVisualStudioVersion = 10.0.40219.1
Project("{9A19103F-16F7-4668-BE54-9A1E7A4F7556}") = "Comisión Estatal de Búsqueda del Estado de Veracruz", "Comisión Estatal de Búsqueda del Estado de Veracruz.csproj", "{492A0E2D-4B58-4D0F-8420-4671B7F3812B}"
EndProject
Global
	GlobalSection(SolutionConfigurationPlatforms) = preSolution
		Debug|Any CPU = Debug|Any CPU
		Release|Any CPU = Release|Any CPU
	EndGlobalSection
	GlobalSection(ProjectConfigurationPlatforms) = postSolution
		{492A0E2D-4B58-4D0F-8420-4671B7F3812B}.Debug|Any CPU.ActiveCfg = Debug|Any CPU
		{492A0E2D-4B58-4D0F-8420-4671B7F3812B}.Debug|Any CPU.Build.0 = Debug|Any CPU
		{492A0E2D-4B58-4D0F-8420-4671B7F3812B}.Release|Any CPU.ActiveCfg = Release|Any CPU
		{492A0E2D-4B58-4D0F-8420-4671B7F3812B}.Release|Any CPU.Build.0 = Release|Any CPU
	EndGlobalSection
	GlobalSection(SolutionProperties) = preSolution
		HideSolutionNode = FALSE
	EndGlobalSection
	GlobalSection(ExtensibilityGlobals) = postSolution
		SolutionGuid = {610FEF3C-7AFC-46A1-9043-00E83E67454F}
	EndGlobalSection
EndGlobal
